{
  "name": "vue",
  "version": "0.0.0",
  "lockfileVersion": 1,
  "requires": true,
  "dependencies": {
    "zls.ui": {
      "version": "0.0.16",
      "resolved": "https://registry.npmjs.org/zls.ui/-/zls.ui-0.0.16.tgz",
      "integrity": "sha512-9eSt/Kwn/RK2bHQcYrB0XEfce+zUSsY7k9edMoLjIxTUpTKU9IR5eKAwVgMhhXpr1xfM3pl8l5LWbK8eylJdfQ==",
      "dev": true
    },
    "zlslib": {
      "version": "https://registry.npmjs.org/zlslib/-/zlslib-0.0.17.tgz",
      "integrity": "sha1-phELvJWO8mlxIOgtFirZPF/k7BE=",
      "dev": true
    }
  }
}
